
Microsoft Visual Studio Solution File, Format Version 12.00
# Visual Studio Version 17
VisualStudioVersion = 17.5.002.0
MinimumVisualStudioVersion = 10.0.40219.1
Project("{9A19103F-16F7-4668-BE54-9A1E7A4F7556}") = "CacheTest", "CacheTest.csproj", "{38D9AE7A-6767-46B9-825C-65EA11A36923}"
EndProject
Global
	GlobalSection(SolutionConfigurationPlatforms) = preSolution
		Debug|Any CPU = Debug|Any CPU
		Release|Any CPU = Release|Any CPU
	EndGlobalSection
	GlobalSection(ProjectConfigurationPlatforms) = postSolution
		{38D9AE7A-6767-46B9-825C-65EA11A36923}.Debug|Any CPU.ActiveCfg = Debug|Any CPU
		{38D9AE7A-6767-46B9-825C-65EA11A36923}.Debug|Any CPU.Build.0 = Debug|Any CPU
		{38D9AE7A-6767-46B9-825C-65EA11A36923}.Release|Any CPU.ActiveCfg = Release|Any CPU
		{38D9AE7A-6767-46B9-825C-65EA11A36923}.Release|Any CPU.Build.0 = Release|Any CPU
	EndGlobalSection
	GlobalSection(SolutionProperties) = preSolution
		HideSolutionNode = FALSE
	EndGlobalSection
	GlobalSection(ExtensibilityGlobals) = postSolution
		SolutionGuid = {FEE2F30F-FC9B-4BFA-860F-431A77ECCA36}
	EndGlobalSection
EndGlobal
